// !$*UTF8*$!
{
	archiveVersion = 1;
	classes = {
	};
	objectVersion = 46;
	objects = {

/* Begin PBXBuildFile section */
		7973CC801BA8DFD4002D1FF9 /* makefile in Sources */ = {isa = PBXBuildFile; fileRef = 7973CC7F1BA8DFD4002D1FF9 /* makefile */; };
		79C74CAA1B73087D0082D884 /* ratings.cc in Sources */ = {isa = PBXBuildFile; fileRef = 79CE5D771B706D4B00744AA7 /* ratings.cc */; };
		79CE5D7B1B706D4B00744AA7 /* main.cc in Sources */ = {isa = PBXBuildFile; fileRef = 79CE5D6D1B706D4B00744AA7 /* main.cc */; };
		79FF118B1B98109400B33000 /* hgaprec.cc in Sources */ = {isa = PBXBuildFile; fileRef = 79CE5D721B706D4B00744AA7 /* hgaprec.cc */; };
		79FF7F521B82F74E0022899F /* log.cc in Sources */ = {isa = PBXBuildFile; fileRef = 79FF7F511B82F74E0022899F /* log.cc */; };
/* End PBXBuildFile section */

/* Begin PBXCopyFilesBuildPhase section */
		79CE5D481B70678500744AA7 /* CopyFiles */ = {
			isa = PBXCopyFilesBuildPhase;
			buildActionMask = 2147483647;
			dstPath = /usr/share/man/man1/;
			dstSubfolderSpec = 0;
			files = (
			);
			runOnlyForDeploymentPostprocessing = 1;
		};
/* End PBXCopyFilesBuildPhase section */

/* Begin PBXFileReference section */
		790EE7A61BA8F63E000CE6CF /* Install */ = {isa = PBXFileReference; fileEncoding = 4; lastKnownFileType = text; path = Install; sourceTree = SOURCE_ROOT; };
		790EE7A71BA8F7DE000CE6CF /* Readme */ = {isa = PBXFileReference; fileEncoding = 4; lastKnownFileType = text; path = Readme; sourceTree = SOURCE_ROOT; };
		790EE7A81BA92CAD000CE6CF /* Yogurt */ = {isa = PBXFileReference; lastKnownFileType = folder; path = Yogurt; sourceTree = SOURCE_ROOT; };
		790EE7A91BA939D8000CE6CF /* Test */ = {isa = PBXFileReference; lastKnownFileType = folder; path = Test; sourceTree = SOURCE_ROOT; };
		790EE7AA1BA93C24000CE6CF /* testFiles */ = {isa = PBXFileReference; lastKnownFileType = folder; name = testFiles; path = Test/testFiles; sourceTree = SOURCE_ROOT; };
		7973CC7E1BA8DFD4002D1FF9 /* run.sh */ = {isa = PBXFileReference; fileEncoding = 4; lastKnownFileType = text.script.sh; path = run.sh; sourceTree = SOURCE_ROOT; };
		7973CC7F1BA8DFD4002D1FF9 /* makefile */ = {isa = PBXFileReference; fileEncoding = 4; lastKnownFileType = sourcecode.make; path = makefile; sourceTree = SOURCE_ROOT; };
		79CE5D4A1B70678500744AA7 /* hgaprec */ = {isa = PBXFileReference; explicitFileType = "compiled.mach-o.executable"; includeInIndex = 0; path = hgaprec; sourceTree = BUILT_PRODUCTS_DIR; };
		79CE5D6D1B706D4B00744AA7 /* main.cc */ = {isa = PBXFileReference; fileEncoding = 4; indentWidth = 2; lastKnownFileType = sourcecode.cpp.cpp; path = main.cc; sourceTree = SOURCE_ROOT; tabWidth = 2; };
		79CE5D701B706D4B00744AA7 /* env.hh */ = {isa = PBXFileReference; fileEncoding = 4; indentWidth = 2; lastKnownFileType = sourcecode.cpp.h; path = env.hh; sourceTree = SOURCE_ROOT; tabWidth = 2; };
		79CE5D711B706D4B00744AA7 /* gpbase.hh */ = {isa = PBXFileReference; explicitFileType = sourcecode.cpp.h; fileEncoding = 4; indentWidth = 2; path = gpbase.hh; sourceTree = SOURCE_ROOT; tabWidth = 2; xcLanguageSpecificationIdentifier = xcode.lang.cpp; };
		79CE5D721B706D4B00744AA7 /* hgaprec.cc */ = {isa = PBXFileReference; fileEncoding = 4; indentWidth = 2; lastKnownFileType = sourcecode.cpp.cpp; path = hgaprec.cc; sourceTree = SOURCE_ROOT; tabWidth = 2; usesTabs = 0; xcLanguageSpecificationIdentifier = xcode.lang.cpp; };
		79CE5D731B706D4B00744AA7 /* hgaprec.hh */ = {isa = PBXFileReference; fileEncoding = 4; lastKnownFileType = sourcecode.cpp.h; path = hgaprec.hh; sourceTree = SOURCE_ROOT; };
		79CE5D761B706D4B00744AA7 /* matrix.hh */ = {isa = PBXFileReference; fileEncoding = 4; lastKnownFileType = sourcecode.cpp.h; path = matrix.hh; sourceTree = SOURCE_ROOT; };
		79CE5D771B706D4B00744AA7 /* ratings.cc */ = {isa = PBXFileReference; fileEncoding = 4; indentWidth = 2; lastKnownFileType = sourcecode.cpp.cpp; path = ratings.cc; sourceTree = SOURCE_ROOT; tabWidth = 2; };
		79CE5D781B706D4B00744AA7 /* ratings.hh */ = {isa = PBXFileReference; fileEncoding = 4; indentWidth = 2; lastKnownFileType = sourcecode.cpp.h; path = ratings.hh; sourceTree = SOURCE_ROOT; tabWidth = 2; };
		79FF7F501B82F74E0022899F /* log.hh */ = {isa = PBXFileReference; fileEncoding = 4; lastKnownFileType = sourcecode.cpp.h; path = log.hh; sourceTree = SOURCE_ROOT; };
		79FF7F511B82F74E0022899F /* log.cc */ = {isa = PBXFileReference; fileEncoding = 4; lastKnownFileType = sourcecode.cpp.cpp; path = log.cc; sourceTree = SOURCE_ROOT; };
/* End PBXFileReference section */

/* Begin PBXFrameworksBuildPhase section */
		79CE5D471B70678500744AA7 /* Frameworks */ = {
			isa = PBXFrameworksBuildPhase;
			buildActionMask = 2147483647;
			files = (
			);
			runOnlyForDeploymentPostprocessing = 0;
		};
/* End PBXFrameworksBuildPhase section */

/* Begin PBXGroup section */
		79CE5D411B70678500744AA7 = {
			isa = PBXGroup;
			children = (
				79CE5D4C1B70678500744AA7 /* hgaprec */,
				79CE5D4B1B70678500744AA7 /* Products */,
			);
			sourceTree = "<group>";
		};
		79CE5D4B1B70678500744AA7 /* Products */ = {
			isa = PBXGroup;
			children = (
				79CE5D4A1B70678500744AA7 /* hgaprec */,
			);
			name = Products;
			sourceTree = "<group>";
		};
		79CE5D4C1B70678500744AA7 /* hgaprec */ = {
			isa = PBXGroup;
			children = (
				790EE7AA1BA93C24000CE6CF /* testFiles */,
				790EE7A91BA939D8000CE6CF /* Test */,
				790EE7A81BA92CAD000CE6CF /* Yogurt */,
				7973CC7E1BA8DFD4002D1FF9 /* run.sh */,
				7973CC7F1BA8DFD4002D1FF9 /* makefile */,
				79FF7F501B82F74E0022899F /* log.hh */,
				79FF7F511B82F74E0022899F /* log.cc */,
				79CE5D6D1B706D4B00744AA7 /* main.cc */,
				79CE5D701B706D4B00744AA7 /* env.hh */,
				79CE5D711B706D4B00744AA7 /* gpbase.hh */,
				79CE5D721B706D4B00744AA7 /* hgaprec.cc */,
				79CE5D731B706D4B00744AA7 /* hgaprec.hh */,
				79CE5D761B706D4B00744AA7 /* matrix.hh */,
				79CE5D771B706D4B00744AA7 /* ratings.cc */,
				79CE5D781B706D4B00744AA7 /* ratings.hh */,
				790EE7A61BA8F63E000CE6CF /* Install */,
				790EE7A71BA8F7DE000CE6CF /* Readme */,
			);
			path = hgaprec;
			sourceTree = "<group>";
		};
/* End PBXGroup section */

/* Begin PBXNativeTarget section */
		79CE5D491B70678500744AA7 /* hgaprec */ = {
			isa = PBXNativeTarget;
			buildConfigurationList = 79CE5D511B70678600744AA7 /* Build configuration list for PBXNativeTarget "hgaprec" */;
			buildPhases = (
				79CE5D461B70678500744AA7 /* Sources */,
				79CE5D471B70678500744AA7 /* Frameworks */,
				79CE5D481B70678500744AA7 /* CopyFiles */,
			);
			buildRules = (
			);
			dependencies = (
			);
			name = hgaprec;
			productName = hgaprec;
			productReference = 79CE5D4A1B70678500744AA7 /* hgaprec */;
			productType = "com.apple.product-type.tool";
		};
/* End PBXNativeTarget section */

/* Begin PBXProject section */
		79CE5D421B70678500744AA7 /* Project object */ = {
			isa = PBXProject;
			attributes = {
				LastUpgradeCheck = 0640;
				ORGANIZATIONNAME = "Juan Camilo Castillo";
				TargetAttributes = {
					79CE5D491B70678500744AA7 = {
						CreatedOnToolsVersion = 6.4;
					};
				};
			};
			buildConfigurationList = 79CE5D451B70678500744AA7 /* Build configuration list for PBXProject "hgaprec" */;
			compatibilityVersion = "Xcode 3.2";
			developmentRegion = English;
			hasScannedForEncodings = 0;
			knownRegions = (
				en,
			);
			mainGroup = 79CE5D411B70678500744AA7;
			productRefGroup = 79CE5D4B1B70678500744AA7 /* Products */;
			projectDirPath = "";
			projectRoot = "";
			targets = (
				79CE5D491B70678500744AA7 /* hgaprec */,
			);
		};
/* End PBXProject section */

/* Begin PBXSourcesBuildPhase section */
		79CE5D461B70678500744AA7 /* Sources */ = {
			isa = PBXSourcesBuildPhase;
			buildActionMask = 2147483647;
			files = (
				79FF118B1B98109400B33000 /* hgaprec.cc in Sources */,
				79FF7F521B82F74E0022899F /* log.cc in Sources */,
				79CE5D7B1B706D4B00744AA7 /* main.cc in Sources */,
				79C74CAA1B73087D0082D884 /* ratings.cc in Sources */,
				7973CC801BA8DFD4002D1FF9 /* makefile in Sources */,
			);
			runOnlyForDeploymentPostprocessing = 0;
		};
/* End PBXSourcesBuildPhase section */

/* Begin XCBuildConfiguration section */
		79CE5D4F1B70678600744AA7 /* Debug */ = {
			isa = XCBuildConfiguration;
			buildSettings = {
				ALWAYS_SEARCH_USER_PATHS = NO;
				CLANG_CXX_LANGUAGE_STANDARD = "gnu++0x";
				CLANG_CXX_LIBRARY = "libc++";
				CLANG_ENABLE_MODULES = YES;
				CLANG_ENABLE_OBJC_ARC = YES;
				CLANG_WARN_BOOL_CONVERSION = YES;
				CLANG_WARN_CONSTANT_CONVERSION = YES;
				CLANG_WARN_DIRECT_OBJC_ISA_USAGE = YES_ERROR;
				CLANG_WARN_EMPTY_BODY = YES;
				CLANG_WARN_ENUM_CONVERSION = YES;
				CLANG_WARN_INT_CONVERSION = YES;
				CLANG_WARN_OBJC_ROOT_CLASS = YES_ERROR;
				CLANG_WARN_UNREACHABLE_CODE = YES;
				CLANG_WARN__DUPLICATE_METHOD_MATCH = YES;
				COPY_PHASE_STRIP = NO;
				DEBUG_INFORMATION_FORMAT = dwarf;
				ENABLE_STRICT_OBJC_MSGSEND = YES;
				GCC_C_LANGUAGE_STANDARD = gnu99;
				GCC_DYNAMIC_NO_PIC = NO;
				GCC_NO_COMMON_BLOCKS = YES;
				GCC_OPTIMIZATION_LEVEL = 0;
				GCC_PREPROCESSOR_DEFINITIONS = (
					"DEBUG=1",
					"$(inherited)",
				);
				GCC_SYMBOLS_PRIVATE_EXTERN = NO;
				GCC_WARN_64_TO_32_BIT_CONVERSION = YES;
				GCC_WARN_ABOUT_RETURN_TYPE = YES_ERROR;
				GCC_WARN_UNDECLARED_SELECTOR = YES;
				GCC_WARN_UNINITIALIZED_AUTOS = YES_AGGRESSIVE;
				GCC_WARN_UNUSED_FUNCTION = YES;
				GCC_WARN_UNUSED_VARIABLE = YES;
				MACOSX_DEPLOYMENT_TARGET = 10.10;
				MTL_ENABLE_DEBUG_INFO = YES;
				ONLY_ACTIVE_ARCH = YES;
				SDKROOT = macosx;
			};
			name = Debug;
		};
		79CE5D501B70678600744AA7 /* Release */ = {
			isa = XCBuildConfiguration;
			buildSettings = {
				ALWAYS_SEARCH_USER_PATHS = NO;
				CLANG_CXX_LANGUAGE_STANDARD = "gnu++0x";
				CLANG_CXX_LIBRARY = "libc++";
				CLANG_ENABLE_MODULES = YES;
				CLANG_ENABLE_OBJC_ARC = YES;
				CLANG_WARN_BOOL_CONVERSION = YES;
				CLANG_WARN_CONSTANT_CONVERSION = YES;
				CLANG_WARN_DIRECT_OBJC_ISA_USAGE = YES_ERROR;
				CLANG_WARN_EMPTY_BODY = YES;
				CLANG_WARN_ENUM_CONVERSION = YES;
				CLANG_WARN_INT_CONVERSION = YES;
				CLANG_WARN_OBJC_ROOT_CLASS = YES_ERROR;
				CLANG_WARN_UNREACHABLE_CODE = YES;
				CLANG_WARN__DUPLICATE_METHOD_MATCH = YES;
				COPY_PHASE_STRIP = NO;
				DEBUG_INFORMATION_FORMAT = "dwarf-with-dsym";
				ENABLE_NS_ASSERTIONS = NO;
				ENABLE_STRICT_OBJC_MSGSEND = YES;
				GCC_C_LANGUAGE_STANDARD = gnu99;
				GCC_NO_COMMON_BLOCKS = YES;
				GCC_WARN_64_TO_32_BIT_CONVERSION = YES;
				GCC_WARN_ABOUT_RETURN_TYPE = YES_ERROR;
				GCC_WARN_UNDECLARED_SELECTOR = YES;
				GCC_WARN_UNINITIALIZED_AUTOS = YES_AGGRESSIVE;
				GCC_WARN_UNUSED_FUNCTION = YES;
				GCC_WARN_UNUSED_VARIABLE = YES;
				MACOSX_DEPLOYMENT_TARGET = 10.10;
				MTL_ENABLE_DEBUG_INFO = NO;
				SDKROOT = macosx;
			};
			name = Release;
		};
		79CE5D521B70678600744AA7 /* Debug */ = {
			isa = XCBuildConfiguration;
			buildSettings = {
				HEADER_SEARCH_PATHS = "";
				"HEADER_SEARCH_PATHS[arch=*]" = (
					/opt/local/include,
					/usr/local/include,
				);
				LIBRARY_SEARCH_PATHS = (
					/opt/local/lib,
					/usr/local/lib,
				);
				"LIBRARY_SEARCH_PATHS[arch=*]" = (
					/opt/local/lib,
					/usr/local/lib,
				);
				OTHER_LDFLAGS = "";
				"OTHER_LDFLAGS[arch=*]" = (
					"-lgsl",
					"-lgslcblas",
				);
				PRODUCT_NAME = "$(TARGET_NAME)";
			};
			name = Debug;
		};
		79CE5D531B70678600744AA7 /* Release */ = {
			isa = XCBuildConfiguration;
			buildSettings = {
				HEADER_SEARCH_PATHS = "";
				"HEADER_SEARCH_PATHS[arch=*]" = (
					/opt/local/include,
					/usr/local/include,
				);
				LIBRARY_SEARCH_PATHS = (
					/opt/local/lib,
					/usr/local/lib,
				);
				"LIBRARY_SEARCH_PATHS[arch=*]" = (
					/opt/local/lib,
					/usr/local/lib,
				);
				OTHER_LDFLAGS = "";
				"OTHER_LDFLAGS[arch=*]" = (
					"-lgsl",
					"-lgslcblas",
				);
				PRODUCT_NAME = "$(TARGET_NAME)";
			};
			name = Release;
		};
/* End XCBuildConfiguration section */

/* Begin XCConfigurationList section */
		79CE5D451B70678500744AA7 /* Build configuration list for PBXProject "hgaprec" */ = {
			isa = XCConfigurationList;
			buildConfigurations = (
				79CE5D4F1B70678600744AA7 /* Debug */,
				79CE5D501B70678600744AA7 /* Release */,
			);
			defaultConfigurationIsVisible = 0;
			defaultConfigurationName = Release;
		};
		79CE5D511B70678600744AA7 /* Build configuration list for PBXNativeTarget "hgaprec" */ = {
			isa = XCConfigurationList;
			buildConfigurations = (
				79CE5D521B70678600744AA7 /* Debug */,
				79CE5D531B70678600744AA7 /* Release */,
			);
			defaultConfigurationIsVisible = 0;
			defaultConfigurationName = Release;
		};
/* End XCConfigurationList section */
	};
	rootObject = 79CE5D421B70678500744AA7 /* Project object */;
}
